
Microsoft Visual Studio Solution File, Format Version 12.00
# Visual Studio 2013
VisualStudioVersion = 12.0.31101.0
MinimumVisualStudioVersion = 10.0.40219.1
Project("{D954291E-2A0B-460D-934E-DC6B0785DB48}") = "DatMailReader.Shared", "DatMailReader\DatMailReader.Shared\DatMailReader.Shared.shproj", "{115DA750-5978-42CC-83C3-631A3F250F45}"
EndProject
Project("{FAE04EC0-301F-11D3-BF4B-00C04F79EFBC}") = "DatMailReader.Windows", "DatMailReader\DatMailReader.Windows\DatMailReader.Windows.csproj", "{DE5464A1-D56B-46DE-807E-9C259BDED5BA}"
EndProject
Project("{FAE04EC0-301F-11D3-BF4B-00C04F79EFBC}") = "DatMailReader.WindowsPhone", "DatMailReader\DatMailReader.WindowsPhone\DatMailReader.WindowsPhone.csproj", "{2497022F-48B2-4343-9A68-F2138D4C57FF}"
EndProject
Project("{2150E333-8FDC-42A3-9474-1A3956D46DE8}") = "Shared", "Shared", "{67CE1F23-CFF9-459A-8EF1-F4E83601F7C1}"
EndProject
Project("{2150E333-8FDC-42A3-9474-1A3956D46DE8}") = "Windows", "Windows", "{C498E56C-B8C6-4EF4-AAC1-CECBC5A9C53B}"
EndProject
Project("{2150E333-8FDC-42A3-9474-1A3956D46DE8}") = "WindowsPhone", "WindowsPhone", "{C83776C8-8204-45D1-AB35-F502EFF959A3}"
EndProject
Project("{FAE04EC0-301F-11D3-BF4B-00C04F79EFBC}") = "DatMailReader.Models", "Models\DatMailReader.Models.csproj", "{BEECC68C-433F-42C5-A40B-6FBAA1CB1F01}"
EndProject
Project("{FAE04EC0-301F-11D3-BF4B-00C04F79EFBC}") = "DatMailReader.ViewModels", "ViewModels\DatMailReader.ViewModels.csproj", "{D65D463F-3409-449D-932C-CBD8D4CE8B7D}"
EndProject
Project("{FAE04EC0-301F-11D3-BF4B-00C04F79EFBC}") = "DatMailReader.Resources", "Resources\DatMailReader.Resources.csproj", "{90707194-B980-468E-A51F-CBFB47B8CDD1}"
EndProject
Project("{FAE04EC0-301F-11D3-BF4B-00C04F79EFBC}") = "DatMailReader.Helpers", "Helpers\DatMailReader.Helpers.csproj", "{5C343BE3-5D50-4AF4-900A-C77BDC40FD87}"
EndProject
Project("{D954291E-2A0B-460D-934E-DC6B0785DB48}") = "DatMailReader.Services.Shared", "Services\DatMailReader.Services.Shared.shproj", "{0890AD1D-B9FF-4233-ADA2-F343015B232B}"
EndProject
Project("{FAE04EC0-301F-11D3-BF4B-00C04F79EFBC}") = "DatMailReader.DataAccess", "DataAccess\DatMailReader.DataAccess.csproj", "{666E648D-A7AD-418C-93BA-68C7FBB2B0DF}"
EndProject
Global
	GlobalSection(SharedMSBuildProjectFiles) = preSolution
		DatMailReader\DatMailReader.Shared\DatMailReader.Shared.projitems*{de5464a1-d56b-46de-807e-9c259bded5ba}*SharedItemsImports = 4
		DatMailReader\DatMailReader.Shared\DatMailReader.Shared.projitems*{2497022f-48b2-4343-9a68-f2138d4c57ff}*SharedItemsImports = 4
		Services\Services.projitems*{d65d463f-3409-449d-932c-cbd8d4ce8b7d}*SharedItemsImports = 4
		DatMailReader\DatMailReader.Shared\DatMailReader.Shared.projitems*{115da750-5978-42cc-83c3-631a3f250f45}*SharedItemsImports = 13
		Services\Services.projitems*{0890ad1d-b9ff-4233-ada2-f343015b232b}*SharedItemsImports = 13
	EndGlobalSection
	GlobalSection(SolutionConfigurationPlatforms) = preSolution
		Debug|Any CPU = Debug|Any CPU
		Debug|ARM = Debug|ARM
		Debug|x64 = Debug|x64
		Debug|x86 = Debug|x86
		Release|Any CPU = Release|Any CPU
		Release|ARM = Release|ARM
		Release|x64 = Release|x64
		Release|x86 = Release|x86
	EndGlobalSection
	GlobalSection(ProjectConfigurationPlatforms) = postSolution
		{DE5464A1-D56B-46DE-807E-9C259BDED5BA}.Debug|Any CPU.ActiveCfg = Debug|Any CPU
		{DE5464A1-D56B-46DE-807E-9C259BDED5BA}.Debug|Any CPU.Build.0 = Debug|Any CPU
		{DE5464A1-D56B-46DE-807E-9C259BDED5BA}.Debug|Any CPU.Deploy.0 = Debug|Any CPU
		{DE5464A1-D56B-46DE-807E-9C259BDED5BA}.Debug|ARM.ActiveCfg = Debug|ARM
		{DE5464A1-D56B-46DE-807E-9C259BDED5BA}.Debug|ARM.Build.0 = Debug|ARM
		{DE5464A1-D56B-46DE-807E-9C259BDED5BA}.Debug|ARM.Deploy.0 = Debug|ARM
		{DE5464A1-D56B-46DE-807E-9C259BDED5BA}.Debug|x64.ActiveCfg = Debug|x64
		{DE5464A1-D56B-46DE-807E-9C259BDED5BA}.Debug|x64.Build.0 = Debug|x64
		{DE5464A1-D56B-46DE-807E-9C259BDED5BA}.Debug|x64.Deploy.0 = Debug|x64
		{DE5464A1-D56B-46DE-807E-9C259BDED5BA}.Debug|x86.ActiveCfg = Debug|x86
		{DE5464A1-D56B-46DE-807E-9C259BDED5BA}.Debug|x86.Build.0 = Debug|x86
		{DE5464A1-D56B-46DE-807E-9C259BDED5BA}.Debug|x86.Deploy.0 = Debug|x86
		{DE5464A1-D56B-46DE-807E-9C259BDED5BA}.Release|Any CPU.ActiveCfg = Release|Any CPU
		{DE5464A1-D56B-46DE-807E-9C259BDED5BA}.Release|Any CPU.Build.0 = Release|Any CPU
		{DE5464A1-D56B-46DE-807E-9C259BDED5BA}.Release|Any CPU.Deploy.0 = Release|Any CPU
		{DE5464A1-D56B-46DE-807E-9C259BDED5BA}.Release|ARM.ActiveCfg = Release|ARM
		{DE5464A1-D56B-46DE-807E-9C259BDED5BA}.Release|ARM.Build.0 = Release|ARM
		{DE5464A1-D56B-46DE-807E-9C259BDED5BA}.Release|ARM.Deploy.0 = Release|ARM
		{DE5464A1-D56B-46DE-807E-9C259BDED5BA}.Release|x64.ActiveCfg = Release|x64
		{DE5464A1-D56B-46DE-807E-9C259BDED5BA}.Release|x64.Build.0 = Release|x64
		{DE5464A1-D56B-46DE-807E-9C259BDED5BA}.Release|x64.Deploy.0 = Release|x64
		{DE5464A1-D56B-46DE-807E-9C259BDED5BA}.Release|x86.ActiveCfg = Release|x86
		{DE5464A1-D56B-46DE-807E-9C259BDED5BA}.Release|x86.Build.0 = Release|x86
		{DE5464A1-D56B-46DE-807E-9C259BDED5BA}.Release|x86.Deploy.0 = Release|x86
		{2497022F-48B2-4343-9A68-F2138D4C57FF}.Debug|Any CPU.ActiveCfg = Debug|Any CPU
		{2497022F-48B2-4343-9A68-F2138D4C57FF}.Debug|Any CPU.Build.0 = Debug|Any CPU
		{2497022F-48B2-4343-9A68-F2138D4C57FF}.Debug|Any CPU.Deploy.0 = Debug|Any CPU
		{2497022F-48B2-4343-9A68-F2138D4C57FF}.Debug|ARM.ActiveCfg = Debug|ARM
		{2497022F-48B2-4343-9A68-F2138D4C57FF}.Debug|ARM.Build.0 = Debug|ARM
		{2497022F-48B2-4343-9A68-F2138D4C57FF}.Debug|ARM.Deploy.0 = Debug|ARM
		{2497022F-48B2-4343-9A68-F2138D4C57FF}.Debug|x64.ActiveCfg = Debug|Any CPU
		{2497022F-48B2-4343-9A68-F2138D4C57FF}.Debug|x86.ActiveCfg = Debug|x86
		{2497022F-48B2-4343-9A68-F2138D4C57FF}.Debug|x86.Build.0 = Debug|x86
		{2497022F-48B2-4343-9A68-F2138D4C57FF}.Debug|x86.Deploy.0 = Debug|x86
		{2497022F-48B2-4343-9A68-F2138D4C57FF}.Release|Any CPU.ActiveCfg = Release|Any CPU
		{2497022F-48B2-4343-9A68-F2138D4C57FF}.Release|Any CPU.Build.0 = Release|Any CPU
		{2497022F-48B2-4343-9A68-F2138D4C57FF}.Release|Any CPU.Deploy.0 = Release|Any CPU
		{2497022F-48B2-4343-9A68-F2138D4C57FF}.Release|ARM.ActiveCfg = Release|ARM
		{2497022F-48B2-4343-9A68-F2138D4C57FF}.Release|ARM.Build.0 = Release|ARM
		{2497022F-48B2-4343-9A68-F2138D4C57FF}.Release|ARM.Deploy.0 = Release|ARM
		{2497022F-48B2-4343-9A68-F2138D4C57FF}.Release|x64.ActiveCfg = Release|Any CPU
		{2497022F-48B2-4343-9A68-F2138D4C57FF}.Release|x86.ActiveCfg = Release|x86
		{2497022F-48B2-4343-9A68-F2138D4C57FF}.Release|x86.Build.0 = Release|x86
		{2497022F-48B2-4343-9A68-F2138D4C57FF}.Release|x86.Deploy.0 = Release|x86
		{BEECC68C-433F-42C5-A40B-6FBAA1CB1F01}.Debug|Any CPU.ActiveCfg = Debug|Any CPU
		{BEECC68C-433F-42C5-A40B-6FBAA1CB1F01}.Debug|Any CPU.Build.0 = Debug|Any CPU
		{BEECC68C-433F-42C5-A40B-6FBAA1CB1F01}.Debug|ARM.ActiveCfg = Debug|ARM
		{BEECC68C-433F-42C5-A40B-6FBAA1CB1F01}.Debug|ARM.Build.0 = Debug|ARM
		{BEECC68C-433F-42C5-A40B-6FBAA1CB1F01}.Debug|x64.ActiveCfg = Debug|x64
		{BEECC68C-433F-42C5-A40B-6FBAA1CB1F01}.Debug|x64.Build.0 = Debug|x64
		{BEECC68C-433F-42C5-A40B-6FBAA1CB1F01}.Debug|x86.ActiveCfg = Debug|x86
		{BEECC68C-433F-42C5-A40B-6FBAA1CB1F01}.Debug|x86.Build.0 = Debug|x86
		{BEECC68C-433F-42C5-A40B-6FBAA1CB1F01}.Release|Any CPU.ActiveCfg = Release|Any CPU
		{BEECC68C-433F-42C5-A40B-6FBAA1CB1F01}.Release|Any CPU.Build.0 = Release|Any CPU
		{BEECC68C-433F-42C5-A40B-6FBAA1CB1F01}.Release|ARM.ActiveCfg = Release|ARM
		{BEECC68C-433F-42C5-A40B-6FBAA1CB1F01}.Release|ARM.Build.0 = Release|ARM
		{BEECC68C-433F-42C5-A40B-6FBAA1CB1F01}.Release|x64.ActiveCfg = Release|x64
		{BEECC68C-433F-42C5-A40B-6FBAA1CB1F01}.Release|x64.Build.0 = Release|x64
		{BEECC68C-433F-42C5-A40B-6FBAA1CB1F01}.Release|x86.ActiveCfg = Release|x86
		{BEECC68C-433F-42C5-A40B-6FBAA1CB1F01}.Release|x86.Build.0 = Release|x86
		{D65D463F-3409-449D-932C-CBD8D4CE8B7D}.Debug|Any CPU.ActiveCfg = Debug|Any CPU
		{D65D463F-3409-449D-932C-CBD8D4CE8B7D}.Debug|Any CPU.Build.0 = Debug|Any CPU
		{D65D463F-3409-449D-932C-CBD8D4CE8B7D}.Debug|ARM.ActiveCfg = Debug|ARM
		{D65D463F-3409-449D-932C-CBD8D4CE8B7D}.Debug|ARM.Build.0 = Debug|ARM
		{D65D463F-3409-449D-932C-CBD8D4CE8B7D}.Debug|x64.ActiveCfg = Debug|x64
		{D65D463F-3409-449D-932C-CBD8D4CE8B7D}.Debug|x64.Build.0 = Debug|x64
		{D65D463F-3409-449D-932C-CBD8D4CE8B7D}.Debug|x86.ActiveCfg = Debug|x86
		{D65D463F-3409-449D-932C-CBD8D4CE8B7D}.Debug|x86.Build.0 = Debug|x86
		{D65D463F-3409-449D-932C-CBD8D4CE8B7D}.Release|Any CPU.ActiveCfg = Release|Any CPU
		{D65D463F-3409-449D-932C-CBD8D4CE8B7D}.Release|Any CPU.Build.0 = Release|Any CPU
		{D65D463F-3409-449D-932C-CBD8D4CE8B7D}.Release|ARM.ActiveCfg = Release|ARM
		{D65D463F-3409-449D-932C-CBD8D4CE8B7D}.Release|ARM.Build.0 = Release|ARM
		{D65D463F-3409-449D-932C-CBD8D4CE8B7D}.Release|x64.ActiveCfg = Release|x64
		{D65D463F-3409-449D-932C-CBD8D4CE8B7D}.Release|x64.Build.0 = Release|x64
		{D65D463F-3409-449D-932C-CBD8D4CE8B7D}.Release|x86.ActiveCfg = Release|x86
		{D65D463F-3409-449D-932C-CBD8D4CE8B7D}.Release|x86.Build.0 = Release|x86
		{90707194-B980-468E-A51F-CBFB47B8CDD1}.Debug|Any CPU.ActiveCfg = Debug|Any CPU
		{90707194-B980-468E-A51F-CBFB47B8CDD1}.Debug|Any CPU.Build.0 = Debug|Any CPU
		{90707194-B980-468E-A51F-CBFB47B8CDD1}.Debug|ARM.ActiveCfg = Debug|ARM
		{90707194-B980-468E-A51F-CBFB47B8CDD1}.Debug|ARM.Build.0 = Debug|ARM
		{90707194-B980-468E-A51F-CBFB47B8CDD1}.Debug|x64.ActiveCfg = Debug|x64
		{90707194-B980-468E-A51F-CBFB47B8CDD1}.Debug|x64.Build.0 = Debug|x64
		{90707194-B980-468E-A51F-CBFB47B8CDD1}.Debug|x86.ActiveCfg = Debug|x86
		{90707194-B980-468E-A51F-CBFB47B8CDD1}.Debug|x86.Build.0 = Debug|x86
		{90707194-B980-468E-A51F-CBFB47B8CDD1}.Release|Any CPU.ActiveCfg = Release|Any CPU
		{90707194-B980-468E-A51F-CBFB47B8CDD1}.Release|Any CPU.Build.0 = Release|Any CPU
		{90707194-B980-468E-A51F-CBFB47B8CDD1}.Release|ARM.ActiveCfg = Release|ARM
		{90707194-B980-468E-A51F-CBFB47B8CDD1}.Release|ARM.Build.0 = Release|ARM
		{90707194-B980-468E-A51F-CBFB47B8CDD1}.Release|x64.ActiveCfg = Release|x64
		{90707194-B980-468E-A51F-CBFB47B8CDD1}.Release|x64.Build.0 = Release|x64
		{90707194-B980-468E-A51F-CBFB47B8CDD1}.Release|x86.ActiveCfg = Release|x86
		{90707194-B980-468E-A51F-CBFB47B8CDD1}.Release|x86.Build.0 = Release|x86
		{5C343BE3-5D50-4AF4-900A-C77BDC40FD87}.Debug|Any CPU.ActiveCfg = Debug|Any CPU
		{5C343BE3-5D50-4AF4-900A-C77BDC40FD87}.Debug|Any CPU.Build.0 = Debug|Any CPU
		{5C343BE3-5D50-4AF4-900A-C77BDC40FD87}.Debug|ARM.ActiveCfg = Debug|ARM
		{5C343BE3-5D50-4AF4-900A-C77BDC40FD87}.Debug|ARM.Build.0 = Debug|ARM
		{5C343BE3-5D50-4AF4-900A-C77BDC40FD87}.Debug|x64.ActiveCfg = Debug|x64
		{5C343BE3-5D50-4AF4-900A-C77BDC40FD87}.Debug|x64.Build.0 = Debug|x64
		{5C343BE3-5D50-4AF4-900A-C77BDC40FD87}.Debug|x86.ActiveCfg = Debug|x86
		{5C343BE3-5D50-4AF4-900A-C77BDC40FD87}.Debug|x86.Build.0 = Debug|x86
		{5C343BE3-5D50-4AF4-900A-C77BDC40FD87}.Release|Any CPU.ActiveCfg = Release|Any CPU
		{5C343BE3-5D50-4AF4-900A-C77BDC40FD87}.Release|Any CPU.Build.0 = Release|Any CPU
		{5C343BE3-5D50-4AF4-900A-C77BDC40FD87}.Release|ARM.ActiveCfg = Release|ARM
		{5C343BE3-5D50-4AF4-900A-C77BDC40FD87}.Release|ARM.Build.0 = Release|ARM
		{5C343BE3-5D50-4AF4-900A-C77BDC40FD87}.Release|x64.ActiveCfg = Release|x64
		{5C343BE3-5D50-4AF4-900A-C77BDC40FD87}.Release|x64.Build.0 = Release|x64
		{5C343BE3-5D50-4AF4-900A-C77BDC40FD87}.Release|x86.ActiveCfg = Release|x86
		{5C343BE3-5D50-4AF4-900A-C77BDC40FD87}.Release|x86.Build.0 = Release|x86
		{666E648D-A7AD-418C-93BA-68C7FBB2B0DF}.Debug|Any CPU.ActiveCfg = Debug|Any CPU
		{666E648D-A7AD-418C-93BA-68C7FBB2B0DF}.Debug|Any CPU.Build.0 = Debug|Any CPU
		{666E648D-A7AD-418C-93BA-68C7FBB2B0DF}.Debug|ARM.ActiveCfg = Debug|Any CPU
		{666E648D-A7AD-418C-93BA-68C7FBB2B0DF}.Debug|x64.ActiveCfg = Debug|Any CPU
		{666E648D-A7AD-418C-93BA-68C7FBB2B0DF}.Debug|x86.ActiveCfg = Debug|Any CPU
		{666E648D-A7AD-418C-93BA-68C7FBB2B0DF}.Release|Any CPU.ActiveCfg = Release|Any CPU
		{666E648D-A7AD-418C-93BA-68C7FBB2B0DF}.Release|Any CPU.Build.0 = Release|Any CPU
		{666E648D-A7AD-418C-93BA-68C7FBB2B0DF}.Release|ARM.ActiveCfg = Release|Any CPU
		{666E648D-A7AD-418C-93BA-68C7FBB2B0DF}.Release|x64.ActiveCfg = Release|Any CPU
		{666E648D-A7AD-418C-93BA-68C7FBB2B0DF}.Release|x86.ActiveCfg = Release|Any CPU
	EndGlobalSection
	GlobalSection(SolutionProperties) = preSolution
		HideSolutionNode = FALSE
	EndGlobalSection
	GlobalSection(NestedProjects) = preSolution
		{115DA750-5978-42CC-83C3-631A3F250F45} = {67CE1F23-CFF9-459A-8EF1-F4E83601F7C1}
		{DE5464A1-D56B-46DE-807E-9C259BDED5BA} = {C498E56C-B8C6-4EF4-AAC1-CECBC5A9C53B}
		{2497022F-48B2-4343-9A68-F2138D4C57FF} = {C83776C8-8204-45D1-AB35-F502EFF959A3}
		{BEECC68C-433F-42C5-A40B-6FBAA1CB1F01} = {67CE1F23-CFF9-459A-8EF1-F4E83601F7C1}
		{D65D463F-3409-449D-932C-CBD8D4CE8B7D} = {67CE1F23-CFF9-459A-8EF1-F4E83601F7C1}
		{90707194-B980-468E-A51F-CBFB47B8CDD1} = {67CE1F23-CFF9-459A-8EF1-F4E83601F7C1}
		{5C343BE3-5D50-4AF4-900A-C77BDC40FD87} = {67CE1F23-CFF9-459A-8EF1-F4E83601F7C1}
		{0890AD1D-B9FF-4233-ADA2-F343015B232B} = {67CE1F23-CFF9-459A-8EF1-F4E83601F7C1}
		{666E648D-A7AD-418C-93BA-68C7FBB2B0DF} = {67CE1F23-CFF9-459A-8EF1-F4E83601F7C1}
	EndGlobalSection
EndGlobal
